// !$*UTF8*$!
{
	archiveVersion = 1;
	classes = {
	};
	objectVersion = 46;
	objects = {

/* Begin PBXBuildFile section */
		F0C6E5AA1E434639008188CB /* main.m in Sources */ = {isa = PBXBuildFile; fileRef = F0C6E5A91E434639008188CB /* main.m */; };
		F0C6E5B21E43B990008188CB /* ClassA.m in Sources */ = {isa = PBXBuildFile; fileRef = F0C6E5B11E43B990008188CB /* ClassA.m */; };
		F0C6E5B51E43C13D008188CB /* ClassB.m in Sources */ = {isa = PBXBuildFile; fileRef = F0C6E5B41E43C13D008188CB /* ClassB.m */; };
/* End PBXBuildFile section */

/* Begin PBXCopyFilesBuildPhase section */
		F0C6E5A41E434639008188CB /* CopyFiles */ = {
			isa = PBXCopyFilesBuildPhase;
			buildActionMask = 2147483647;
			dstPath = /usr/share/man/man1/;
			dstSubfolderSpec = 0;
			files = (
			);
			runOnlyForDeploymentPostprocessing = 1;
		};
/* End PBXCopyFilesBuildPhase section */

/* Begin PBXFileReference section */
		F0C6E5A61E434639008188CB /* learn_objc */ = {isa = PBXFileReference; explicitFileType = "compiled.mach-o.executable"; includeInIndex = 0; path = learn_objc; sourceTree = BUILT_PRODUCTS_DIR; };
		F0C6E5A91E434639008188CB /* main.m */ = {isa = PBXFileReference; lastKnownFileType = sourcecode.c.objc; path = main.m; sourceTree = "<group>"; };
		F0C6E5B01E43B88D008188CB /* ClassA.h */ = {isa = PBXFileReference; lastKnownFileType = sourcecode.c.h; path = ClassA.h; sourceTree = "<group>"; };
		F0C6E5B11E43B990008188CB /* ClassA.m */ = {isa = PBXFileReference; fileEncoding = 4; lastKnownFileType = sourcecode.c.objc; path = ClassA.m; sourceTree = "<group>"; };
		F0C6E5B31E43C0FA008188CB /* ClassB.h */ = {isa = PBXFileReference; lastKnownFileType = sourcecode.c.h; path = ClassB.h; sourceTree = "<group>"; };
		F0C6E5B41E43C13D008188CB /* ClassB.m */ = {isa = PBXFileReference; fileEncoding = 4; lastKnownFileType = sourcecode.c.objc; path = ClassB.m; sourceTree = "<group>"; };
/* End PBXFileReference section */

/* Begin PBXFrameworksBuildPhase section */
		F0C6E5A31E434639008188CB /* Frameworks */ = {
			isa = PBXFrameworksBuildPhase;
			buildActionMask = 2147483647;
			files = (
			);
			runOnlyForDeploymentPostprocessing = 0;
		};
/* End PBXFrameworksBuildPhase section */

/* Begin PBXGroup section */
		F0C6E59D1E434639008188CB = {
			isa = PBXGroup;
			children = (
				F0C6E5A81E434639008188CB /* learn_objc */,
				F0C6E5A71E434639008188CB /* Products */,
			);
			sourceTree = "<group>";
		};
		F0C6E5A71E434639008188CB /* Products */ = {
			isa = PBXGroup;
			children = (
				F0C6E5A61E434639008188CB /* learn_objc */,
			);
			name = Products;
			sourceTree = "<group>";
		};
		F0C6E5A81E434639008188CB /* learn_objc */ = {
			isa = PBXGroup;
			children = (
				F0C6E5A91E434639008188CB /* main.m */,
				F0C6E5B01E43B88D008188CB /* ClassA.h */,
				F0C6E5B11E43B990008188CB /* ClassA.m */,
				F0C6E5B31E43C0FA008188CB /* ClassB.h */,
				F0C6E5B41E43C13D008188CB /* ClassB.m */,
			);
			path = learn_objc;
			sourceTree = "<group>";
		};
/* End PBXGroup section */

/* Begin PBXNativeTarget section */
		F0C6E5A51E434639008188CB /* learn_objc */ = {
			isa = PBXNativeTarget;
			buildConfigurationList = F0C6E5AD1E434639008188CB /* Build configuration list for PBXNativeTarget "learn_objc" */;
			buildPhases = (
				F0C6E5A21E434639008188CB /* Sources */,
				F0C6E5A31E434639008188CB /* Frameworks */,
				F0C6E5A41E434639008188CB /* CopyFiles */,
			);
			buildRules = (
			);
			dependencies = (
			);
			name = learn_objc;
			productName = learn_objc;
			productReference = F0C6E5A61E434639008188CB /* learn_objc */;
			productType = "com.apple.product-type.tool";
		};
/* End PBXNativeTarget section */

/* Begin PBXProject section */
		F0C6E59E1E434639008188CB /* Project object */ = {
			isa = PBXProject;
			attributes = {
				LastUpgradeCheck = 0720;
				ORGANIZATIONNAME = "灵游科技";
				TargetAttributes = {
					F0C6E5A51E434639008188CB = {
						CreatedOnToolsVersion = 7.2;
					};
				};
			};
			buildConfigurationList = F0C6E5A11E434639008188CB /* Build configuration list for PBXProject "learn_objc" */;
			compatibilityVersion = "Xcode 3.2";
			developmentRegion = English;
			hasScannedForEncodings = 0;
			knownRegions = (
				en,
			);
			mainGroup = F0C6E59D1E434639008188CB;
			productRefGroup = F0C6E5A71E434639008188CB /* Products */;
			projectDirPath = "";
			projectRoot = "";
			targets = (
				F0C6E5A51E434639008188CB /* learn_objc */,
			);
		};
/* End PBXProject section */

/* Begin PBXSourcesBuildPhase section */
		F0C6E5A21E434639008188CB /* Sources */ = {
			isa = PBXSourcesBuildPhase;
			buildActionMask = 2147483647;
			files = (
				F0C6E5B51E43C13D008188CB /* ClassB.m in Sources */,
				F0C6E5B21E43B990008188CB /* ClassA.m in Sources */,
				F0C6E5AA1E434639008188CB /* main.m in Sources */,
			);
			runOnlyForDeploymentPostprocessing = 0;
		};
/* End PBXSourcesBuildPhase section */

/* Begin XCBuildConfiguration section */
		F0C6E5AB1E434639008188CB /* Debug */ = {
			isa = XCBuildConfiguration;
			buildSettings = {
				ALWAYS_SEARCH_USER_PATHS = NO;
				CLANG_CXX_LANGUAGE_STANDARD = "gnu++0x";
				CLANG_CXX_LIBRARY = "libc++";
				CLANG_ENABLE_MODULES = YES;
				CLANG_ENABLE_OBJC_ARC = YES;
				CLANG_WARN_BOOL_CONVERSION = YES;
				CLANG_WARN_CONSTANT_CONVERSION = YES;
				CLANG_WARN_DIRECT_OBJC_ISA_USAGE = YES_ERROR;
				CLANG_WARN_EMPTY_BODY = YES;
				CLANG_WARN_ENUM_CONVERSION = YES;
				CLANG_WARN_INT_CONVERSION = YES;
				CLANG_WARN_OBJC_ROOT_CLASS = YES_ERROR;
				CLANG_WARN_UNREACHABLE_CODE = YES;
				CLANG_WARN__DUPLICATE_METHOD_MATCH = YES;
				CODE_SIGN_IDENTITY = "-";
				COPY_PHASE_STRIP = NO;
				DEBUG_INFORMATION_FORMAT = dwarf;
				ENABLE_STRICT_OBJC_MSGSEND = YES;
				ENABLE_TESTABILITY = YES;
				GCC_C_LANGUAGE_STANDARD = gnu99;
				GCC_DYNAMIC_NO_PIC = NO;
				GCC_NO_COMMON_BLOCKS = YES;
				GCC_OPTIMIZATION_LEVEL = 0;
				GCC_PREPROCESSOR_DEFINITIONS = (
					"DEBUG=1",
					"$(inherited)",
				);
				GCC_WARN_64_TO_32_BIT_CONVERSION = YES;
				GCC_WARN_ABOUT_RETURN_TYPE = YES_ERROR;
				GCC_WARN_UNDECLARED_SELECTOR = YES;
				GCC_WARN_UNINITIALIZED_AUTOS = YES_AGGRESSIVE;
				GCC_WARN_UNUSED_FUNCTION = YES;
				GCC_WARN_UNUSED_VARIABLE = YES;
				MACOSX_DEPLOYMENT_TARGET = 10.10;
				MTL_ENABLE_DEBUG_INFO = YES;
				ONLY_ACTIVE_ARCH = YES;
				SDKROOT = macosx;
			};
			name = Debug;
		};
		F0C6E5AC1E434639008188CB /* Release */ = {
			isa = XCBuildConfiguration;
			buildSettings = {
				ALWAYS_SEARCH_USER_PATHS = NO;
				CLANG_CXX_LANGUAGE_STANDARD = "gnu++0x";
				CLANG_CXX_LIBRARY = "libc++";
				CLANG_ENABLE_MODULES = YES;
				CLANG_ENABLE_OBJC_ARC = YES;
				CLANG_WARN_BOOL_CONVERSION = YES;
				CLANG_WARN_CONSTANT_CONVERSION = YES;
				CLANG_WARN_DIRECT_OBJC_ISA_USAGE = YES_ERROR;
				CLANG_WARN_EMPTY_BODY = YES;
				CLANG_WARN_ENUM_CONVERSION = YES;
				CLANG_WARN_INT_CONVERSION = YES;
				CLANG_WARN_OBJC_ROOT_CLASS = YES_ERROR;
				CLANG_WARN_UNREACHABLE_CODE = YES;
				CLANG_WARN__DUPLICATE_METHOD_MATCH = YES;
				CODE_SIGN_IDENTITY = "-";
				COPY_PHASE_STRIP = NO;
				DEBUG_INFORMATION_FORMAT = "dwarf-with-dsym";
				ENABLE_NS_ASSERTIONS = NO;
				ENABLE_STRICT_OBJC_MSGSEND = YES;
				GCC_C_LANGUAGE_STANDARD = gnu99;
				GCC_NO_COMMON_BLOCKS = YES;
				GCC_WARN_64_TO_32_BIT_CONVERSION = YES;
				GCC_WARN_ABOUT_RETURN_TYPE = YES_ERROR;
				GCC_WARN_UNDECLARED_SELECTOR = YES;
				GCC_WARN_UNINITIALIZED_AUTOS = YES_AGGRESSIVE;
				GCC_WARN_UNUSED_FUNCTION = YES;
				GCC_WARN_UNUSED_VARIABLE = YES;
				MACOSX_DEPLOYMENT_TARGET = 10.10;
				MTL_ENABLE_DEBUG_INFO = NO;
				SDKROOT = macosx;
			};
			name = Release;
		};
		F0C6E5AE1E434639008188CB /* Debug */ = {
			isa = XCBuildConfiguration;
			buildSettings = {
				PRODUCT_NAME = "$(TARGET_NAME)";
			};
			name = Debug;
		};
		F0C6E5AF1E434639008188CB /* Release */ = {
			isa = XCBuildConfiguration;
			buildSettings = {
				PRODUCT_NAME = "$(TARGET_NAME)";
			};
			name = Release;
		};
/* End XCBuildConfiguration section */

/* Begin XCConfigurationList section */
		F0C6E5A11E434639008188CB /* Build configuration list for PBXProject "learn_objc" */ = {
			isa = XCConfigurationList;
			buildConfigurations = (
				F0C6E5AB1E434639008188CB /* Debug */,
				F0C6E5AC1E434639008188CB /* Release */,
			);
			defaultConfigurationIsVisible = 0;
			defaultConfigurationName = Release;
		};
		F0C6E5AD1E434639008188CB /* Build configuration list for PBXNativeTarget "learn_objc" */ = {
			isa = XCConfigurationList;
			buildConfigurations = (
				F0C6E5AE1E434639008188CB /* Debug */,
				F0C6E5AF1E434639008188CB /* Release */,
			);
			defaultConfigurationIsVisible = 0;
		};
/* End XCConfigurationList section */
	};
	rootObject = F0C6E59E1E434639008188CB /* Project object */;
}
